
Microsoft Visual Studio Solution File, Format Version 12.00
# Visual Studio 15
VisualStudioVersion = 15.0.28010.2019
MinimumVisualStudioVersion = 10.0.40219.1
Project("{FAE04EC0-301F-11D3-BF4B-00C04F79EFBC}") = "Toker", "Toker\Toker.csproj", "{D54DD662-CB5A-4C1C-8D83-5B4C87D739FF}"
EndProject
Project("{FAE04EC0-301F-11D3-BF4B-00C04F79EFBC}") = "SemiExp", "SemiExp\SemiExp.csproj", "{E4C0082C-F5F9-4735-B006-80A42C3F06ED}"
EndProject
Project("{FAE04EC0-301F-11D3-BF4B-00C04F79EFBC}") = "ITokenCollection", "ITokenCollection\ITokenCollection.csproj", "{22661C26-55EB-42A5-89EF-7281B383B4E7}"
EndProject
Project("{FAE04EC0-301F-11D3-BF4B-00C04F79EFBC}") = "TypeTable", "TypeTable\TypeTable.csproj", "{53979A38-E57B-43CC-B2F2-4D06FCFE72FF}"
EndProject
Project("{FAE04EC0-301F-11D3-BF4B-00C04F79EFBC}") = "TypeAnalysis", "TypeAnalysis\TypeAnalysis.csproj", "{EA4402DA-3987-4E81-A666-C4025521F4E4}"
EndProject
Project("{FAE04EC0-301F-11D3-BF4B-00C04F79EFBC}") = "DepAnalysis", "DepAnalysis\DepAnalysis.csproj", "{FF1F15C3-38F8-474A-A458-B980846365D3}"
EndProject
Project("{FAE04EC0-301F-11D3-BF4B-00C04F79EFBC}") = "StrongComponent", "StrongComponent\StrongComponent.csproj", "{6BBC2C5D-81CC-463A-A6A2-3CB2D54A165F}"
EndProject
Project("{FAE04EC0-301F-11D3-BF4B-00C04F79EFBC}") = "Display", "Display\Display.csproj", "{C33216BD-206A-4AF9-931B-635DF47D3526}"
EndProject
Project("{FAE04EC0-301F-11D3-BF4B-00C04F79EFBC}") = "FileMg", "FileMg\FileMg.csproj", "{8B60527E-7016-4773-ABD8-E5553A4CB5C1}"
EndProject
Project("{FAE04EC0-301F-11D3-BF4B-00C04F79EFBC}") = "AutoTestUnit", "AutoTestUnit\AutoTestUnit.csproj", "{B30551CF-FB5D-448B-89FD-1BDCB2948C17}"
EndProject
Project("{FAE04EC0-301F-11D3-BF4B-00C04F79EFBC}") = "Server", "Server\Server.csproj", "{973A4C0B-FAB2-4BB4-B924-21BA33FC304A}"
EndProject
Project("{FAE04EC0-301F-11D3-BF4B-00C04F79EFBC}") = "Comm", "Comm\Comm.csproj", "{F45CF976-3117-42EB-81D5-5B8A0F7D397F}"
EndProject
Project("{FAE04EC0-301F-11D3-BF4B-00C04F79EFBC}") = "Client", "Client\Client.csproj", "{8C205DC9-D34F-45BE-96E4-4CBAA87B22B8}"
EndProject
Project("{FAE04EC0-301F-11D3-BF4B-00C04F79EFBC}") = "Environment", "Environment\Environment.csproj", "{F3A3F8A8-C243-404B-A0A4-398BBBE1C3F0}"
EndProject
Project("{FAE04EC0-301F-11D3-BF4B-00C04F79EFBC}") = "Files", "Navigator\Files.csproj", "{14336EC7-5422-40C3-B69F-2B88CAF8DB53}"
EndProject
Global
	GlobalSection(SolutionConfigurationPlatforms) = preSolution
		Debug|Any CPU = Debug|Any CPU
		Debug|x64 = Debug|x64
		Debug|x86 = Debug|x86
		Release|Any CPU = Release|Any CPU
		Release|x64 = Release|x64
		Release|x86 = Release|x86
	EndGlobalSection
	GlobalSection(ProjectConfigurationPlatforms) = postSolution
		{D54DD662-CB5A-4C1C-8D83-5B4C87D739FF}.Debug|Any CPU.ActiveCfg = Debug|Any CPU
		{D54DD662-CB5A-4C1C-8D83-5B4C87D739FF}.Debug|Any CPU.Build.0 = Debug|Any CPU
		{D54DD662-CB5A-4C1C-8D83-5B4C87D739FF}.Debug|x64.ActiveCfg = Debug|Any CPU
		{D54DD662-CB5A-4C1C-8D83-5B4C87D739FF}.Debug|x64.Build.0 = Debug|Any CPU
		{D54DD662-CB5A-4C1C-8D83-5B4C87D739FF}.Debug|x86.ActiveCfg = Debug|Any CPU
		{D54DD662-CB5A-4C1C-8D83-5B4C87D739FF}.Debug|x86.Build.0 = Debug|Any CPU
		{D54DD662-CB5A-4C1C-8D83-5B4C87D739FF}.Release|Any CPU.ActiveCfg = Release|Any CPU
		{D54DD662-CB5A-4C1C-8D83-5B4C87D739FF}.Release|Any CPU.Build.0 = Release|Any CPU
		{D54DD662-CB5A-4C1C-8D83-5B4C87D739FF}.Release|x64.ActiveCfg = Release|Any CPU
		{D54DD662-CB5A-4C1C-8D83-5B4C87D739FF}.Release|x64.Build.0 = Release|Any CPU
		{D54DD662-CB5A-4C1C-8D83-5B4C87D739FF}.Release|x86.ActiveCfg = Release|Any CPU
		{D54DD662-CB5A-4C1C-8D83-5B4C87D739FF}.Release|x86.Build.0 = Release|Any CPU
		{E4C0082C-F5F9-4735-B006-80A42C3F06ED}.Debug|Any CPU.ActiveCfg = Debug|Any CPU
		{E4C0082C-F5F9-4735-B006-80A42C3F06ED}.Debug|Any CPU.Build.0 = Debug|Any CPU
		{E4C0082C-F5F9-4735-B006-80A42C3F06ED}.Debug|x64.ActiveCfg = Debug|Any CPU
		{E4C0082C-F5F9-4735-B006-80A42C3F06ED}.Debug|x64.Build.0 = Debug|Any CPU
		{E4C0082C-F5F9-4735-B006-80A42C3F06ED}.Debug|x86.ActiveCfg = Debug|Any CPU
		{E4C0082C-F5F9-4735-B006-80A42C3F06ED}.Debug|x86.Build.0 = Debug|Any CPU
		{E4C0082C-F5F9-4735-B006-80A42C3F06ED}.Release|Any CPU.ActiveCfg = Release|Any CPU
		{E4C0082C-F5F9-4735-B006-80A42C3F06ED}.Release|Any CPU.Build.0 = Release|Any CPU
		{E4C0082C-F5F9-4735-B006-80A42C3F06ED}.Release|x64.ActiveCfg = Release|Any CPU
		{E4C0082C-F5F9-4735-B006-80A42C3F06ED}.Release|x64.Build.0 = Release|Any CPU
		{E4C0082C-F5F9-4735-B006-80A42C3F06ED}.Release|x86.ActiveCfg = Release|Any CPU
		{E4C0082C-F5F9-4735-B006-80A42C3F06ED}.Release|x86.Build.0 = Release|Any CPU
		{22661C26-55EB-42A5-89EF-7281B383B4E7}.Debug|Any CPU.ActiveCfg = Debug|Any CPU
		{22661C26-55EB-42A5-89EF-7281B383B4E7}.Debug|Any CPU.Build.0 = Debug|Any CPU
		{22661C26-55EB-42A5-89EF-7281B383B4E7}.Debug|x64.ActiveCfg = Debug|Any CPU
		{22661C26-55EB-42A5-89EF-7281B383B4E7}.Debug|x64.Build.0 = Debug|Any CPU
		{22661C26-55EB-42A5-89EF-7281B383B4E7}.Debug|x86.ActiveCfg = Debug|Any CPU
		{22661C26-55EB-42A5-89EF-7281B383B4E7}.Debug|x86.Build.0 = Debug|Any CPU
		{22661C26-55EB-42A5-89EF-7281B383B4E7}.Release|Any CPU.ActiveCfg = Release|Any CPU
		{22661C26-55EB-42A5-89EF-7281B383B4E7}.Release|Any CPU.Build.0 = Release|Any CPU
		{22661C26-55EB-42A5-89EF-7281B383B4E7}.Release|x64.ActiveCfg = Release|Any CPU
		{22661C26-55EB-42A5-89EF-7281B383B4E7}.Release|x64.Build.0 = Release|Any CPU
		{22661C26-55EB-42A5-89EF-7281B383B4E7}.Release|x86.ActiveCfg = Release|Any CPU
		{22661C26-55EB-42A5-89EF-7281B383B4E7}.Release|x86.Build.0 = Release|Any CPU
		{53979A38-E57B-43CC-B2F2-4D06FCFE72FF}.Debug|Any CPU.ActiveCfg = Debug|Any CPU
		{53979A38-E57B-43CC-B2F2-4D06FCFE72FF}.Debug|Any CPU.Build.0 = Debug|Any CPU
		{53979A38-E57B-43CC-B2F2-4D06FCFE72FF}.Debug|x64.ActiveCfg = Debug|Any CPU
		{53979A38-E57B-43CC-B2F2-4D06FCFE72FF}.Debug|x64.Build.0 = Debug|Any CPU
		{53979A38-E57B-43CC-B2F2-4D06FCFE72FF}.Debug|x86.ActiveCfg = Debug|Any CPU
		{53979A38-E57B-43CC-B2F2-4D06FCFE72FF}.Debug|x86.Build.0 = Debug|Any CPU
		{53979A38-E57B-43CC-B2F2-4D06FCFE72FF}.Release|Any CPU.ActiveCfg = Release|Any CPU
		{53979A38-E57B-43CC-B2F2-4D06FCFE72FF}.Release|Any CPU.Build.0 = Release|Any CPU
		{53979A38-E57B-43CC-B2F2-4D06FCFE72FF}.Release|x64.ActiveCfg = Release|Any CPU
		{53979A38-E57B-43CC-B2F2-4D06FCFE72FF}.Release|x64.Build.0 = Release|Any CPU
		{53979A38-E57B-43CC-B2F2-4D06FCFE72FF}.Release|x86.ActiveCfg = Release|Any CPU
		{53979A38-E57B-43CC-B2F2-4D06FCFE72FF}.Release|x86.Build.0 = Release|Any CPU
		{EA4402DA-3987-4E81-A666-C4025521F4E4}.Debug|Any CPU.ActiveCfg = Debug|Any CPU
		{EA4402DA-3987-4E81-A666-C4025521F4E4}.Debug|Any CPU.Build.0 = Debug|Any CPU
		{EA4402DA-3987-4E81-A666-C4025521F4E4}.Debug|x64.ActiveCfg = Debug|Any CPU
		{EA4402DA-3987-4E81-A666-C4025521F4E4}.Debug|x64.Build.0 = Debug|Any CPU
		{EA4402DA-3987-4E81-A666-C4025521F4E4}.Debug|x86.ActiveCfg = Debug|Any CPU
		{EA4402DA-3987-4E81-A666-C4025521F4E4}.Debug|x86.Build.0 = Debug|Any CPU
		{EA4402DA-3987-4E81-A666-C4025521F4E4}.Release|Any CPU.ActiveCfg = Release|Any CPU
		{EA4402DA-3987-4E81-A666-C4025521F4E4}.Release|Any CPU.Build.0 = Release|Any CPU
		{EA4402DA-3987-4E81-A666-C4025521F4E4}.Release|x64.ActiveCfg = Release|Any CPU
		{EA4402DA-3987-4E81-A666-C4025521F4E4}.Release|x64.Build.0 = Release|Any CPU
		{EA4402DA-3987-4E81-A666-C4025521F4E4}.Release|x86.ActiveCfg = Release|Any CPU
		{EA4402DA-3987-4E81-A666-C4025521F4E4}.Release|x86.Build.0 = Release|Any CPU
		{FF1F15C3-38F8-474A-A458-B980846365D3}.Debug|Any CPU.ActiveCfg = Debug|Any CPU
		{FF1F15C3-38F8-474A-A458-B980846365D3}.Debug|Any CPU.Build.0 = Debug|Any CPU
		{FF1F15C3-38F8-474A-A458-B980846365D3}.Debug|x64.ActiveCfg = Debug|Any CPU
		{FF1F15C3-38F8-474A-A458-B980846365D3}.Debug|x64.Build.0 = Debug|Any CPU
		{FF1F15C3-38F8-474A-A458-B980846365D3}.Debug|x86.ActiveCfg = Debug|Any CPU
		{FF1F15C3-38F8-474A-A458-B980846365D3}.Debug|x86.Build.0 = Debug|Any CPU
		{FF1F15C3-38F8-474A-A458-B980846365D3}.Release|Any CPU.ActiveCfg = Release|Any CPU
		{FF1F15C3-38F8-474A-A458-B980846365D3}.Release|Any CPU.Build.0 = Release|Any CPU
		{FF1F15C3-38F8-474A-A458-B980846365D3}.Release|x64.ActiveCfg = Release|Any CPU
		{FF1F15C3-38F8-474A-A458-B980846365D3}.Release|x64.Build.0 = Release|Any CPU
		{FF1F15C3-38F8-474A-A458-B980846365D3}.Release|x86.ActiveCfg = Release|Any CPU
		{FF1F15C3-38F8-474A-A458-B980846365D3}.Release|x86.Build.0 = Release|Any CPU
		{6BBC2C5D-81CC-463A-A6A2-3CB2D54A165F}.Debug|Any CPU.ActiveCfg = Debug|Any CPU
		{6BBC2C5D-81CC-463A-A6A2-3CB2D54A165F}.Debug|Any CPU.Build.0 = Debug|Any CPU
		{6BBC2C5D-81CC-463A-A6A2-3CB2D54A165F}.Debug|x64.ActiveCfg = Debug|Any CPU
		{6BBC2C5D-81CC-463A-A6A2-3CB2D54A165F}.Debug|x64.Build.0 = Debug|Any CPU
		{6BBC2C5D-81CC-463A-A6A2-3CB2D54A165F}.Debug|x86.ActiveCfg = Debug|Any CPU
		{6BBC2C5D-81CC-463A-A6A2-3CB2D54A165F}.Debug|x86.Build.0 = Debug|Any CPU
		{6BBC2C5D-81CC-463A-A6A2-3CB2D54A165F}.Release|Any CPU.ActiveCfg = Release|Any CPU
		{6BBC2C5D-81CC-463A-A6A2-3CB2D54A165F}.Release|Any CPU.Build.0 = Release|Any CPU
		{6BBC2C5D-81CC-463A-A6A2-3CB2D54A165F}.Release|x64.ActiveCfg = Release|Any CPU
		{6BBC2C5D-81CC-463A-A6A2-3CB2D54A165F}.Release|x64.Build.0 = Release|Any CPU
		{6BBC2C5D-81CC-463A-A6A2-3CB2D54A165F}.Release|x86.ActiveCfg = Release|Any CPU
		{6BBC2C5D-81CC-463A-A6A2-3CB2D54A165F}.Release|x86.Build.0 = Release|Any CPU
		{C33216BD-206A-4AF9-931B-635DF47D3526}.Debug|Any CPU.ActiveCfg = Debug|Any CPU
		{C33216BD-206A-4AF9-931B-635DF47D3526}.Debug|Any CPU.Build.0 = Debug|Any CPU
		{C33216BD-206A-4AF9-931B-635DF47D3526}.Debug|x64.ActiveCfg = Debug|Any CPU
		{C33216BD-206A-4AF9-931B-635DF47D3526}.Debug|x64.Build.0 = Debug|Any CPU
		{C33216BD-206A-4AF9-931B-635DF47D3526}.Debug|x86.ActiveCfg = Debug|Any CPU
		{C33216BD-206A-4AF9-931B-635DF47D3526}.Debug|x86.Build.0 = Debug|Any CPU
		{C33216BD-206A-4AF9-931B-635DF47D3526}.Release|Any CPU.ActiveCfg = Release|Any CPU
		{C33216BD-206A-4AF9-931B-635DF47D3526}.Release|Any CPU.Build.0 = Release|Any CPU
		{C33216BD-206A-4AF9-931B-635DF47D3526}.Release|x64.ActiveCfg = Release|Any CPU
		{C33216BD-206A-4AF9-931B-635DF47D3526}.Release|x64.Build.0 = Release|Any CPU
		{C33216BD-206A-4AF9-931B-635DF47D3526}.Release|x86.ActiveCfg = Release|Any CPU
		{C33216BD-206A-4AF9-931B-635DF47D3526}.Release|x86.Build.0 = Release|Any CPU
		{8B60527E-7016-4773-ABD8-E5553A4CB5C1}.Debug|Any CPU.ActiveCfg = Debug|Any CPU
		{8B60527E-7016-4773-ABD8-E5553A4CB5C1}.Debug|Any CPU.Build.0 = Debug|Any CPU
		{8B60527E-7016-4773-ABD8-E5553A4CB5C1}.Debug|x64.ActiveCfg = Debug|Any CPU
		{8B60527E-7016-4773-ABD8-E5553A4CB5C1}.Debug|x64.Build.0 = Debug|Any CPU
		{8B60527E-7016-4773-ABD8-E5553A4CB5C1}.Debug|x86.ActiveCfg = Debug|Any CPU
		{8B60527E-7016-4773-ABD8-E5553A4CB5C1}.Debug|x86.Build.0 = Debug|Any CPU
		{8B60527E-7016-4773-ABD8-E5553A4CB5C1}.Release|Any CPU.ActiveCfg = Release|Any CPU
		{8B60527E-7016-4773-ABD8-E5553A4CB5C1}.Release|Any CPU.Build.0 = Release|Any CPU
		{8B60527E-7016-4773-ABD8-E5553A4CB5C1}.Release|x64.ActiveCfg = Release|Any CPU
		{8B60527E-7016-4773-ABD8-E5553A4CB5C1}.Release|x64.Build.0 = Release|Any CPU
		{8B60527E-7016-4773-ABD8-E5553A4CB5C1}.Release|x86.ActiveCfg = Release|Any CPU
		{8B60527E-7016-4773-ABD8-E5553A4CB5C1}.Release|x86.Build.0 = Release|Any CPU
		{B30551CF-FB5D-448B-89FD-1BDCB2948C17}.Debug|Any CPU.ActiveCfg = Debug|Any CPU
		{B30551CF-FB5D-448B-89FD-1BDCB2948C17}.Debug|Any CPU.Build.0 = Debug|Any CPU
		{B30551CF-FB5D-448B-89FD-1BDCB2948C17}.Debug|x64.ActiveCfg = Debug|Any CPU
		{B30551CF-FB5D-448B-89FD-1BDCB2948C17}.Debug|x64.Build.0 = Debug|Any CPU
		{B30551CF-FB5D-448B-89FD-1BDCB2948C17}.Debug|x86.ActiveCfg = Debug|Any CPU
		{B30551CF-FB5D-448B-89FD-1BDCB2948C17}.Debug|x86.Build.0 = Debug|Any CPU
		{B30551CF-FB5D-448B-89FD-1BDCB2948C17}.Release|Any CPU.ActiveCfg = Release|Any CPU
		{B30551CF-FB5D-448B-89FD-1BDCB2948C17}.Release|Any CPU.Build.0 = Release|Any CPU
		{B30551CF-FB5D-448B-89FD-1BDCB2948C17}.Release|x64.ActiveCfg = Release|Any CPU
		{B30551CF-FB5D-448B-89FD-1BDCB2948C17}.Release|x64.Build.0 = Release|Any CPU
		{B30551CF-FB5D-448B-89FD-1BDCB2948C17}.Release|x86.ActiveCfg = Release|Any CPU
		{B30551CF-FB5D-448B-89FD-1BDCB2948C17}.Release|x86.Build.0 = Release|Any CPU
		{973A4C0B-FAB2-4BB4-B924-21BA33FC304A}.Debug|Any CPU.ActiveCfg = Debug|Any CPU
		{973A4C0B-FAB2-4BB4-B924-21BA33FC304A}.Debug|Any CPU.Build.0 = Debug|Any CPU
		{973A4C0B-FAB2-4BB4-B924-21BA33FC304A}.Debug|x64.ActiveCfg = Debug|Any CPU
		{973A4C0B-FAB2-4BB4-B924-21BA33FC304A}.Debug|x64.Build.0 = Debug|Any CPU
		{973A4C0B-FAB2-4BB4-B924-21BA33FC304A}.Debug|x86.ActiveCfg = Debug|Any CPU
		{973A4C0B-FAB2-4BB4-B924-21BA33FC304A}.Debug|x86.Build.0 = Debug|Any CPU
		{973A4C0B-FAB2-4BB4-B924-21BA33FC304A}.Release|Any CPU.ActiveCfg = Release|Any CPU
		{973A4C0B-FAB2-4BB4-B924-21BA33FC304A}.Release|Any CPU.Build.0 = Release|Any CPU
		{973A4C0B-FAB2-4BB4-B924-21BA33FC304A}.Release|x64.ActiveCfg = Release|Any CPU
		{973A4C0B-FAB2-4BB4-B924-21BA33FC304A}.Release|x64.Build.0 = Release|Any CPU
		{973A4C0B-FAB2-4BB4-B924-21BA33FC304A}.Release|x86.ActiveCfg = Release|Any CPU
		{973A4C0B-FAB2-4BB4-B924-21BA33FC304A}.Release|x86.Build.0 = Release|Any CPU
		{F45CF976-3117-42EB-81D5-5B8A0F7D397F}.Debug|Any CPU.ActiveCfg = Debug|Any CPU
		{F45CF976-3117-42EB-81D5-5B8A0F7D397F}.Debug|Any CPU.Build.0 = Debug|Any CPU
		{F45CF976-3117-42EB-81D5-5B8A0F7D397F}.Debug|x64.ActiveCfg = Debug|Any CPU
		{F45CF976-3117-42EB-81D5-5B8A0F7D397F}.Debug|x64.Build.0 = Debug|Any CPU
		{F45CF976-3117-42EB-81D5-5B8A0F7D397F}.Debug|x86.ActiveCfg = Debug|Any CPU
		{F45CF976-3117-42EB-81D5-5B8A0F7D397F}.Debug|x86.Build.0 = Debug|Any CPU
		{F45CF976-3117-42EB-81D5-5B8A0F7D397F}.Release|Any CPU.ActiveCfg = Release|Any CPU
		{F45CF976-3117-42EB-81D5-5B8A0F7D397F}.Release|Any CPU.Build.0 = Release|Any CPU
		{F45CF976-3117-42EB-81D5-5B8A0F7D397F}.Release|x64.ActiveCfg = Release|Any CPU
		{F45CF976-3117-42EB-81D5-5B8A0F7D397F}.Release|x64.Build.0 = Release|Any CPU
		{F45CF976-3117-42EB-81D5-5B8A0F7D397F}.Release|x86.ActiveCfg = Release|Any CPU
		{F45CF976-3117-42EB-81D5-5B8A0F7D397F}.Release|x86.Build.0 = Release|Any CPU
		{8C205DC9-D34F-45BE-96E4-4CBAA87B22B8}.Debug|Any CPU.ActiveCfg = Debug|Any CPU
		{8C205DC9-D34F-45BE-96E4-4CBAA87B22B8}.Debug|Any CPU.Build.0 = Debug|Any CPU
		{8C205DC9-D34F-45BE-96E4-4CBAA87B22B8}.Debug|x64.ActiveCfg = Debug|Any CPU
		{8C205DC9-D34F-45BE-96E4-4CBAA87B22B8}.Debug|x64.Build.0 = Debug|Any CPU
		{8C205DC9-D34F-45BE-96E4-4CBAA87B22B8}.Debug|x86.ActiveCfg = Debug|Any CPU
		{8C205DC9-D34F-45BE-96E4-4CBAA87B22B8}.Debug|x86.Build.0 = Debug|Any CPU
		{8C205DC9-D34F-45BE-96E4-4CBAA87B22B8}.Release|Any CPU.ActiveCfg = Release|Any CPU
		{8C205DC9-D34F-45BE-96E4-4CBAA87B22B8}.Release|Any CPU.Build.0 = Release|Any CPU
		{8C205DC9-D34F-45BE-96E4-4CBAA87B22B8}.Release|x64.ActiveCfg = Release|Any CPU
		{8C205DC9-D34F-45BE-96E4-4CBAA87B22B8}.Release|x64.Build.0 = Release|Any CPU
		{8C205DC9-D34F-45BE-96E4-4CBAA87B22B8}.Release|x86.ActiveCfg = Release|Any CPU
		{8C205DC9-D34F-45BE-96E4-4CBAA87B22B8}.Release|x86.Build.0 = Release|Any CPU
		{F3A3F8A8-C243-404B-A0A4-398BBBE1C3F0}.Debug|Any CPU.ActiveCfg = Debug|Any CPU
		{F3A3F8A8-C243-404B-A0A4-398BBBE1C3F0}.Debug|Any CPU.Build.0 = Debug|Any CPU
		{F3A3F8A8-C243-404B-A0A4-398BBBE1C3F0}.Debug|x64.ActiveCfg = Debug|Any CPU
		{F3A3F8A8-C243-404B-A0A4-398BBBE1C3F0}.Debug|x64.Build.0 = Debug|Any CPU
		{F3A3F8A8-C243-404B-A0A4-398BBBE1C3F0}.Debug|x86.ActiveCfg = Debug|Any CPU
		{F3A3F8A8-C243-404B-A0A4-398BBBE1C3F0}.Debug|x86.Build.0 = Debug|Any CPU
		{F3A3F8A8-C243-404B-A0A4-398BBBE1C3F0}.Release|Any CPU.ActiveCfg = Release|Any CPU
		{F3A3F8A8-C243-404B-A0A4-398BBBE1C3F0}.Release|Any CPU.Build.0 = Release|Any CPU
		{F3A3F8A8-C243-404B-A0A4-398BBBE1C3F0}.Release|x64.ActiveCfg = Release|Any CPU
		{F3A3F8A8-C243-404B-A0A4-398BBBE1C3F0}.Release|x64.Build.0 = Release|Any CPU
		{F3A3F8A8-C243-404B-A0A4-398BBBE1C3F0}.Release|x86.ActiveCfg = Release|Any CPU
		{F3A3F8A8-C243-404B-A0A4-398BBBE1C3F0}.Release|x86.Build.0 = Release|Any CPU
		{14336EC7-5422-40C3-B69F-2B88CAF8DB53}.Debug|Any CPU.ActiveCfg = Debug|Any CPU
		{14336EC7-5422-40C3-B69F-2B88CAF8DB53}.Debug|Any CPU.Build.0 = Debug|Any CPU
		{14336EC7-5422-40C3-B69F-2B88CAF8DB53}.Debug|x64.ActiveCfg = Debug|Any CPU
		{14336EC7-5422-40C3-B69F-2B88CAF8DB53}.Debug|x64.Build.0 = Debug|Any CPU
		{14336EC7-5422-40C3-B69F-2B88CAF8DB53}.Debug|x86.ActiveCfg = Debug|Any CPU
		{14336EC7-5422-40C3-B69F-2B88CAF8DB53}.Debug|x86.Build.0 = Debug|Any CPU
		{14336EC7-5422-40C3-B69F-2B88CAF8DB53}.Release|Any CPU.ActiveCfg = Release|Any CPU
		{14336EC7-5422-40C3-B69F-2B88CAF8DB53}.Release|Any CPU.Build.0 = Release|Any CPU
		{14336EC7-5422-40C3-B69F-2B88CAF8DB53}.Release|x64.ActiveCfg = Release|Any CPU
		{14336EC7-5422-40C3-B69F-2B88CAF8DB53}.Release|x64.Build.0 = Release|Any CPU
		{14336EC7-5422-40C3-B69F-2B88CAF8DB53}.Release|x86.ActiveCfg = Release|Any CPU
		{14336EC7-5422-40C3-B69F-2B88CAF8DB53}.Release|x86.Build.0 = Release|Any CPU
	EndGlobalSection
	GlobalSection(SolutionProperties) = preSolution
		HideSolutionNode = FALSE
	EndGlobalSection
	GlobalSection(ExtensibilityGlobals) = postSolution
		SolutionGuid = {C42F55CE-3EC0-4E91-92A5-2CB820568858}
	EndGlobalSection
EndGlobal
